
Microsoft Visual Studio Solution File, Format Version 12.00
# Visual Studio Version 16
VisualStudioVersion = 16.0.31410.357
MinimumVisualStudioVersion = 10.0.40219.1
Project("{FAE04EC0-301F-11D3-BF4B-00C04F79EFBC}") = "GuiPrac", "GuiPrac\GuiPrac.csproj", "{31ED1D83-1AE9-43FA-9B31-36C73C3D7016}"
EndProject
Global
	GlobalSection(SolutionConfigurationPlatforms) = preSolution
		Debug|Any CPU = Debug|Any CPU
		Release|Any CPU = Release|Any CPU
	EndGlobalSection
	GlobalSection(ProjectConfigurationPlatforms) = postSolution
		{31ED1D83-1AE9-43FA-9B31-36C73C3D7016}.Debug|Any CPU.ActiveCfg = Debug|Any CPU
		{31ED1D83-1AE9-43FA-9B31-36C73C3D7016}.Debug|Any CPU.Build.0 = Debug|Any CPU
		{31ED1D83-1AE9-43FA-9B31-36C73C3D7016}.Release|Any CPU.ActiveCfg = Release|Any CPU
		{31ED1D83-1AE9-43FA-9B31-36C73C3D7016}.Release|Any CPU.Build.0 = Release|Any CPU
	EndGlobalSection
	GlobalSection(SolutionProperties) = preSolution
		HideSolutionNode = FALSE
	EndGlobalSection
	GlobalSection(ExtensibilityGlobals) = postSolution
		SolutionGuid = {073799A4-8500-4304-AAA0-BDF676448FA6}
	EndGlobalSection
EndGlobal
